
Microsoft Visual Studio Solution File, Format Version 12.00
# Visual Studio Version 16
VisualStudioVersion = 16.0.28803.156
MinimumVisualStudioVersion = 10.0.40219.1
Project("{9A19103F-16F7-4668-BE54-9A1E7A4F7556}") = "BlogCore", "BlogCore\BlogCore.csproj", "{406B8C04-B6C3-4078-ACE3-4395AAB15A8D}"
EndProject
Project("{9A19103F-16F7-4668-BE54-9A1E7A4F7556}") = "BlogCore.Model", "BlogCore.Model\BlogCore.Model.csproj", "{B53F5C0A-11E6-4713-956F-38778858DF15}"
EndProject
Project("{9A19103F-16F7-4668-BE54-9A1E7A4F7556}") = "BlogCore.Common", "BlogCore.Common\BlogCore.Common.csproj", "{4E05B69E-5546-430C-AA86-0A1F8856187E}"
EndProject
Project("{9A19103F-16F7-4668-BE54-9A1E7A4F7556}") = "BlogCore.IRepository", "IRepository\BlogCore.IRepository.csproj", "{DEEF0039-72CA-4007-858C-13678E54549E}"
EndProject
Project("{9A19103F-16F7-4668-BE54-9A1E7A4F7556}") = "BlogCore.Repository", "BlogCore.Repository\BlogCore.Repository.csproj", "{4F2AB269-FEB5-4A79-A9F3-87A683F456DC}"
EndProject
Project("{9A19103F-16F7-4668-BE54-9A1E7A4F7556}") = "BlogCore.IServices", "BlogCore.IServices\BlogCore.IServices.csproj", "{6CD0CDA2-09E1-400E-8D92-D8F6F0418CC5}"
EndProject
Project("{9A19103F-16F7-4668-BE54-9A1E7A4F7556}") = "BlogCore.Services", "BlogCore.Services\BlogCore.Services.csproj", "{CEB686E7-B726-407D-ACBE-55065CCA311F}"
EndProject
Project("{E53339B2-1760-4266-BCC7-CA923CBCF16C}") = "docker-compose", "docker-compose.dcproj", "{14912FFE-9E93-4CFA-B295-0F0C80AB02B2}"
EndProject
Global
	GlobalSection(SolutionConfigurationPlatforms) = preSolution
		Debug|Any CPU = Debug|Any CPU
		Release|Any CPU = Release|Any CPU
	EndGlobalSection
	GlobalSection(ProjectConfigurationPlatforms) = postSolution
		{406B8C04-B6C3-4078-ACE3-4395AAB15A8D}.Debug|Any CPU.ActiveCfg = Debug|Any CPU
		{406B8C04-B6C3-4078-ACE3-4395AAB15A8D}.Debug|Any CPU.Build.0 = Debug|Any CPU
		{406B8C04-B6C3-4078-ACE3-4395AAB15A8D}.Release|Any CPU.ActiveCfg = Release|Any CPU
		{406B8C04-B6C3-4078-ACE3-4395AAB15A8D}.Release|Any CPU.Build.0 = Release|Any CPU
		{B53F5C0A-11E6-4713-956F-38778858DF15}.Debug|Any CPU.ActiveCfg = Debug|Any CPU
		{B53F5C0A-11E6-4713-956F-38778858DF15}.Debug|Any CPU.Build.0 = Debug|Any CPU
		{B53F5C0A-11E6-4713-956F-38778858DF15}.Release|Any CPU.ActiveCfg = Release|Any CPU
		{B53F5C0A-11E6-4713-956F-38778858DF15}.Release|Any CPU.Build.0 = Release|Any CPU
		{4E05B69E-5546-430C-AA86-0A1F8856187E}.Debug|Any CPU.ActiveCfg = Debug|Any CPU
		{4E05B69E-5546-430C-AA86-0A1F8856187E}.Debug|Any CPU.Build.0 = Debug|Any CPU
		{4E05B69E-5546-430C-AA86-0A1F8856187E}.Release|Any CPU.ActiveCfg = Release|Any CPU
		{4E05B69E-5546-430C-AA86-0A1F8856187E}.Release|Any CPU.Build.0 = Release|Any CPU
		{DEEF0039-72CA-4007-858C-13678E54549E}.Debug|Any CPU.ActiveCfg = Debug|Any CPU
		{DEEF0039-72CA-4007-858C-13678E54549E}.Debug|Any CPU.Build.0 = Debug|Any CPU
		{DEEF0039-72CA-4007-858C-13678E54549E}.Release|Any CPU.ActiveCfg = Release|Any CPU
		{DEEF0039-72CA-4007-858C-13678E54549E}.Release|Any CPU.Build.0 = Release|Any CPU
		{4F2AB269-FEB5-4A79-A9F3-87A683F456DC}.Debug|Any CPU.ActiveCfg = Debug|Any CPU
		{4F2AB269-FEB5-4A79-A9F3-87A683F456DC}.Debug|Any CPU.Build.0 = Debug|Any CPU
		{4F2AB269-FEB5-4A79-A9F3-87A683F456DC}.Release|Any CPU.ActiveCfg = Release|Any CPU
		{4F2AB269-FEB5-4A79-A9F3-87A683F456DC}.Release|Any CPU.Build.0 = Release|Any CPU
		{6CD0CDA2-09E1-400E-8D92-D8F6F0418CC5}.Debug|Any CPU.ActiveCfg = Debug|Any CPU
		{6CD0CDA2-09E1-400E-8D92-D8F6F0418CC5}.Debug|Any CPU.Build.0 = Debug|Any CPU
		{6CD0CDA2-09E1-400E-8D92-D8F6F0418CC5}.Release|Any CPU.ActiveCfg = Release|Any CPU
		{6CD0CDA2-09E1-400E-8D92-D8F6F0418CC5}.Release|Any CPU.Build.0 = Release|Any CPU
		{CEB686E7-B726-407D-ACBE-55065CCA311F}.Debug|Any CPU.ActiveCfg = Debug|Any CPU
		{CEB686E7-B726-407D-ACBE-55065CCA311F}.Debug|Any CPU.Build.0 = Debug|Any CPU
		{CEB686E7-B726-407D-ACBE-55065CCA311F}.Release|Any CPU.ActiveCfg = Release|Any CPU
		{CEB686E7-B726-407D-ACBE-55065CCA311F}.Release|Any CPU.Build.0 = Release|Any CPU
		{14912FFE-9E93-4CFA-B295-0F0C80AB02B2}.Debug|Any CPU.ActiveCfg = Debug|Any CPU
		{14912FFE-9E93-4CFA-B295-0F0C80AB02B2}.Debug|Any CPU.Build.0 = Debug|Any CPU
		{14912FFE-9E93-4CFA-B295-0F0C80AB02B2}.Release|Any CPU.ActiveCfg = Release|Any CPU
		{14912FFE-9E93-4CFA-B295-0F0C80AB02B2}.Release|Any CPU.Build.0 = Release|Any CPU
	EndGlobalSection
	GlobalSection(SolutionProperties) = preSolution
		HideSolutionNode = FALSE
	EndGlobalSection
	GlobalSection(ExtensibilityGlobals) = postSolution
		SolutionGuid = {D225B5D3-E428-4DCC-94F6-88640467A3AE}
	EndGlobalSection
EndGlobal
